// !$*UTF8*$!
{
	archiveVersion = 1;
	classes = {
	};
	objectVersion = 46;
	objects = {

/* Begin PBXBuildFile section */
		48BA35CC1EECDFC5001B4A7C /* main.m in Sources */ = {isa = PBXBuildFile; fileRef = 48BA35CB1EECDFC5001B4A7C /* main.m */; };
		48BA35CF1EECDFC5001B4A7C /* AppDelegate.m in Sources */ = {isa = PBXBuildFile; fileRef = 48BA35CE1EECDFC5001B4A7C /* AppDelegate.m */; };
		48BA35D51EECDFC5001B4A7C /* Main.storyboard in Resources */ = {isa = PBXBuildFile; fileRef = 48BA35D31EECDFC5001B4A7C /* Main.storyboard */; };
		48BA35D81EECDFC5001B4A7C /* JobAssignment.xcdatamodeld in Sources */ = {isa = PBXBuildFile; fileRef = 48BA35D61EECDFC5001B4A7C /* JobAssignment.xcdatamodeld */; };
		48BA35DA1EECDFC5001B4A7C /* Assets.xcassets in Resources */ = {isa = PBXBuildFile; fileRef = 48BA35D91EECDFC5001B4A7C /* Assets.xcassets */; };
		48BA35DD1EECDFC5001B4A7C /* LaunchScreen.storyboard in Resources */ = {isa = PBXBuildFile; fileRef = 48BA35DB1EECDFC5001B4A7C /* LaunchScreen.storyboard */; };
/* End PBXBuildFile section */

/* Begin PBXFileReference section */
		48BA35C71EECDFC5001B4A7C /* JobAssignment.app */ = {isa = PBXFileReference; explicitFileType = wrapper.application; includeInIndex = 0; path = JobAssignment.app; sourceTree = BUILT_PRODUCTS_DIR; };
		48BA35CB1EECDFC5001B4A7C /* main.m */ = {isa = PBXFileReference; lastKnownFileType = sourcecode.c.objc; path = main.m; sourceTree = "<group>"; };
		48BA35CD1EECDFC5001B4A7C /* AppDelegate.h */ = {isa = PBXFileReference; lastKnownFileType = sourcecode.c.h; path = AppDelegate.h; sourceTree = "<group>"; };
		48BA35CE1EECDFC5001B4A7C /* AppDelegate.m */ = {isa = PBXFileReference; lastKnownFileType = sourcecode.c.objc; path = AppDelegate.m; sourceTree = "<group>"; };
		48BA35D41EECDFC5001B4A7C /* Base */ = {isa = PBXFileReference; lastKnownFileType = file.storyboard; name = Base; path = Base.lproj/Main.storyboard; sourceTree = "<group>"; };
		48BA35D71EECDFC5001B4A7C /* JobAssignment.xcdatamodel */ = {isa = PBXFileReference; lastKnownFileType = wrapper.xcdatamodel; path = JobAssignment.xcdatamodel; sourceTree = "<group>"; };
		48BA35D91EECDFC5001B4A7C /* Assets.xcassets */ = {isa = PBXFileReference; lastKnownFileType = folder.assetcatalog; path = Assets.xcassets; sourceTree = "<group>"; };
		48BA35DC1EECDFC5001B4A7C /* Base */ = {isa = PBXFileReference; lastKnownFileType = file.storyboard; name = Base; path = Base.lproj/LaunchScreen.storyboard; sourceTree = "<group>"; };
		48BA35DE1EECDFC5001B4A7C /* Info.plist */ = {isa = PBXFileReference; lastKnownFileType = text.plist.xml; path = Info.plist; sourceTree = "<group>"; };
/* End PBXFileReference section */

/* Begin PBXFrameworksBuildPhase section */
		48BA35C41EECDFC5001B4A7C /* Frameworks */ = {
			isa = PBXFrameworksBuildPhase;
			buildActionMask = 2147483647;
			files = (
			);
			runOnlyForDeploymentPostprocessing = 0;
		};
/* End PBXFrameworksBuildPhase section */

/* Begin PBXGroup section */
		48BA35BE1EECDFC5001B4A7C = {
			isa = PBXGroup;
			children = (
				48BA35C91EECDFC5001B4A7C /* JobAssignment */,
				48BA35C81EECDFC5001B4A7C /* Products */,
			);
			sourceTree = "<group>";
		};
		48BA35C81EECDFC5001B4A7C /* Products */ = {
			isa = PBXGroup;
			children = (
				48BA35C71EECDFC5001B4A7C /* JobAssignment.app */,
			);
			name = Products;
			sourceTree = "<group>";
		};
		48BA35C91EECDFC5001B4A7C /* JobAssignment */ = {
			isa = PBXGroup;
			children = (
				48BA35CD1EECDFC5001B4A7C /* AppDelegate.h */,
				48BA35CE1EECDFC5001B4A7C /* AppDelegate.m */,
				48BA35D31EECDFC5001B4A7C /* Main.storyboard */,
				48BA35D91EECDFC5001B4A7C /* Assets.xcassets */,
				48BA35DB1EECDFC5001B4A7C /* LaunchScreen.storyboard */,
				48BA35DE1EECDFC5001B4A7C /* Info.plist */,
				48BA35D61EECDFC5001B4A7C /* JobAssignment.xcdatamodeld */,
				48BA35CA1EECDFC5001B4A7C /* Supporting Files */,
			);
			path = JobAssignment;
			sourceTree = "<group>";
		};
		48BA35CA1EECDFC5001B4A7C /* Supporting Files */ = {
			isa = PBXGroup;
			children = (
				48BA35CB1EECDFC5001B4A7C /* main.m */,
			);
			name = "Supporting Files";
			sourceTree = "<group>";
		};
/* End PBXGroup section */

/* Begin PBXNativeTarget section */
		48BA35C61EECDFC5001B4A7C /* JobAssignment */ = {
			isa = PBXNativeTarget;
			buildConfigurationList = 48BA35E11EECDFC5001B4A7C /* Build configuration list for PBXNativeTarget "JobAssignment" */;
			buildPhases = (
				48BA35C31EECDFC5001B4A7C /* Sources */,
				48BA35C41EECDFC5001B4A7C /* Frameworks */,
				48BA35C51EECDFC5001B4A7C /* Resources */,
			);
			buildRules = (
			);
			dependencies = (
			);
			name = JobAssignment;
			productName = JobAssignment;
			productReference = 48BA35C71EECDFC5001B4A7C /* JobAssignment.app */;
			productType = "com.apple.product-type.application";
		};
/* End PBXNativeTarget section */

/* Begin PBXProject section */
		48BA35BF1EECDFC5001B4A7C /* Project object */ = {
			isa = PBXProject;
			attributes = {
				LastUpgradeCheck = 0830;
				ORGANIZATIONNAME = "Gu Han";
				TargetAttributes = {
					48BA35C61EECDFC5001B4A7C = {
						CreatedOnToolsVersion = 8.3.3;
						DevelopmentTeam = H69H7F76LV;
						ProvisioningStyle = Automatic;
					};
				};
			};
			buildConfigurationList = 48BA35C21EECDFC5001B4A7C /* Build configuration list for PBXProject "JobAssignment" */;
			compatibilityVersion = "Xcode 3.2";
			developmentRegion = English;
			hasScannedForEncodings = 0;
			knownRegions = (
				en,
				Base,
			);
			mainGroup = 48BA35BE1EECDFC5001B4A7C;
			productRefGroup = 48BA35C81EECDFC5001B4A7C /* Products */;
			projectDirPath = "";
			projectRoot = "";
			targets = (
				48BA35C61EECDFC5001B4A7C /* JobAssignment */,
			);
		};
/* End PBXProject section */

/* Begin PBXResourcesBuildPhase section */
		48BA35C51EECDFC5001B4A7C /* Resources */ = {
			isa = PBXResourcesBuildPhase;
			buildActionMask = 2147483647;
			files = (
				48BA35DD1EECDFC5001B4A7C /* LaunchScreen.storyboard in Resources */,
				48BA35DA1EECDFC5001B4A7C /* Assets.xcassets in Resources */,
				48BA35D51EECDFC5001B4A7C /* Main.storyboard in Resources */,
			);
			runOnlyForDeploymentPostprocessing = 0;
		};
/* End PBXResourcesBuildPhase section */

/* Begin PBXSourcesBuildPhase section */
		48BA35C31EECDFC5001B4A7C /* Sources */ = {
			isa = PBXSourcesBuildPhase;
			buildActionMask = 2147483647;
			files = (
				48BA35CF1EECDFC5001B4A7C /* AppDelegate.m in Sources */,
				48BA35D81EECDFC5001B4A7C /* JobAssignment.xcdatamodeld in Sources */,
				48BA35CC1EECDFC5001B4A7C /* main.m in Sources */,
			);
			runOnlyForDeploymentPostprocessing = 0;
		};
/* End PBXSourcesBuildPhase section */

/* Begin PBXVariantGroup section */
		48BA35D31EECDFC5001B4A7C /* Main.storyboard */ = {
			isa = PBXVariantGroup;
			children = (
				48BA35D41EECDFC5001B4A7C /* Base */,
			);
			name = Main.storyboard;
			sourceTree = "<group>";
		};
		48BA35DB1EECDFC5001B4A7C /* LaunchScreen.storyboard */ = {
			isa = PBXVariantGroup;
			children = (
				48BA35DC1EECDFC5001B4A7C /* Base */,
			);
			name = LaunchScreen.storyboard;
			sourceTree = "<group>";
		};
/* End PBXVariantGroup section */

/* Begin XCBuildConfiguration section */
		48BA35DF1EECDFC5001B4A7C /* Debug */ = {
			isa = XCBuildConfiguration;
			buildSettings = {
				ALWAYS_SEARCH_USER_PATHS = NO;
				CLANG_ANALYZER_NONNULL = YES;
				CLANG_ANALYZER_NUMBER_OBJECT_CONVERSION = YES_AGGRESSIVE;
				CLANG_CXX_LANGUAGE_STANDARD = "gnu++0x";
				CLANG_CXX_LIBRARY = "libc++";
				CLANG_ENABLE_MODULES = YES;
				CLANG_ENABLE_OBJC_ARC = YES;
				CLANG_WARN_BOOL_CONVERSION = YES;
				CLANG_WARN_CONSTANT_CONVERSION = YES;
				CLANG_WARN_DIRECT_OBJC_ISA_USAGE = YES_ERROR;
				CLANG_WARN_DOCUMENTATION_COMMENTS = YES;
				CLANG_WARN_EMPTY_BODY = YES;
				CLANG_WARN_ENUM_CONVERSION = YES;
				CLANG_WARN_INFINITE_RECURSION = YES;
				CLANG_WARN_INT_CONVERSION = YES;
				CLANG_WARN_OBJC_ROOT_CLASS = YES_ERROR;
				CLANG_WARN_SUSPICIOUS_MOVE = YES;
				CLANG_WARN_UNREACHABLE_CODE = YES;
				CLANG_WARN__DUPLICATE_METHOD_MATCH = YES;
				"CODE_SIGN_IDENTITY[sdk=iphoneos*]" = "iPhone Developer";
				COPY_PHASE_STRIP = NO;
				DEBUG_INFORMATION_FORMAT = dwarf;
				ENABLE_STRICT_OBJC_MSGSEND = YES;
				ENABLE_TESTABILITY = YES;
				GCC_C_LANGUAGE_STANDARD = gnu99;
				GCC_DYNAMIC_NO_PIC = NO;
				GCC_NO_COMMON_BLOCKS = YES;
				GCC_OPTIMIZATION_LEVEL = 0;
				GCC_PREPROCESSOR_DEFINITIONS = (
					"DEBUG=1",
					"$(inherited)",
				);
				GCC_WARN_64_TO_32_BIT_CONVERSION = YES;
				GCC_WARN_ABOUT_RETURN_TYPE = YES_ERROR;
				GCC_WARN_UNDECLARED_SELECTOR = YES;
				GCC_WARN_UNINITIALIZED_AUTOS = YES_AGGRESSIVE;
				GCC_WARN_UNUSED_FUNCTION = YES;
				GCC_WARN_UNUSED_VARIABLE = YES;
				IPHONEOS_DEPLOYMENT_TARGET = 10.3;
				MTL_ENABLE_DEBUG_INFO = YES;
				ONLY_ACTIVE_ARCH = YES;
				SDKROOT = iphoneos;
				TARGETED_DEVICE_FAMILY = "1,2";
			};
			name = Debug;
		};
		48BA35E01EECDFC5001B4A7C /* Release */ = {
			isa = XCBuildConfiguration;
			buildSettings = {
				ALWAYS_SEARCH_USER_PATHS = NO;
				CLANG_ANALYZER_NONNULL = YES;
				CLANG_ANALYZER_NUMBER_OBJECT_CONVERSION = YES_AGGRESSIVE;
				CLANG_CXX_LANGUAGE_STANDARD = "gnu++0x";
				CLANG_CXX_LIBRARY = "libc++";
				CLANG_ENABLE_MODULES = YES;
				CLANG_ENABLE_OBJC_ARC = YES;
				CLANG_WARN_BOOL_CONVERSION = YES;
				CLANG_WARN_CONSTANT_CONVERSION = YES;
				CLANG_WARN_DIRECT_OBJC_ISA_USAGE = YES_ERROR;
				CLANG_WARN_DOCUMENTATION_COMMENTS = YES;
				CLANG_WARN_EMPTY_BODY = YES;
				CLANG_WARN_ENUM_CONVERSION = YES;
				CLANG_WARN_INFINITE_RECURSION = YES;
				CLANG_WARN_INT_CONVERSION = YES;
				CLANG_WARN_OBJC_ROOT_CLASS = YES_ERROR;
				CLANG_WARN_SUSPICIOUS_MOVE = YES;
				CLANG_WARN_UNREACHABLE_CODE = YES;
				CLANG_WARN__DUPLICATE_METHOD_MATCH = YES;
				"CODE_SIGN_IDENTITY[sdk=iphoneos*]" = "iPhone Developer";
				COPY_PHASE_STRIP = NO;
				DEBUG_INFORMATION_FORMAT = "dwarf-with-dsym";
				ENABLE_NS_ASSERTIONS = NO;
				ENABLE_STRICT_OBJC_MSGSEND = YES;
				GCC_C_LANGUAGE_STANDARD = gnu99;
				GCC_NO_COMMON_BLOCKS = YES;
				GCC_WARN_64_TO_32_BIT_CONVERSION = YES;
				GCC_WARN_ABOUT_RETURN_TYPE = YES_ERROR;
				GCC_WARN_UNDECLARED_SELECTOR = YES;
				GCC_WARN_UNINITIALIZED_AUTOS = YES_AGGRESSIVE;
				GCC_WARN_UNUSED_FUNCTION = YES;
				GCC_WARN_UNUSED_VARIABLE = YES;
				IPHONEOS_DEPLOYMENT_TARGET = 10.3;
				MTL_ENABLE_DEBUG_INFO = NO;
				SDKROOT = iphoneos;
				TARGETED_DEVICE_FAMILY = "1,2";
				VALIDATE_PRODUCT = YES;
			};
			name = Release;
		};
		48BA35E21EECDFC5001B4A7C /* Debug */ = {
			isa = XCBuildConfiguration;
			buildSettings = {
				ASSETCATALOG_COMPILER_APPICON_NAME = AppIcon;
				DEVELOPMENT_TEAM = H69H7F76LV;
				INFOPLIST_FILE = JobAssignment/Info.plist;
				LD_RUNPATH_SEARCH_PATHS = "$(inherited) @executable_path/Frameworks";
				PRODUCT_BUNDLE_IDENTIFIER = hangu.JobAssignment;
				PRODUCT_NAME = "$(TARGET_NAME)";
			};
			name = Debug;
		};
		48BA35E31EECDFC5001B4A7C /* Release */ = {
			isa = XCBuildConfiguration;
			buildSettings = {
				ASSETCATALOG_COMPILER_APPICON_NAME = AppIcon;
				DEVELOPMENT_TEAM = H69H7F76LV;
				INFOPLIST_FILE = JobAssignment/Info.plist;
				LD_RUNPATH_SEARCH_PATHS = "$(inherited) @executable_path/Frameworks";
				PRODUCT_BUNDLE_IDENTIFIER = hangu.JobAssignment;
				PRODUCT_NAME = "$(TARGET_NAME)";
			};
			name = Release;
		};
/* End XCBuildConfiguration section */

/* Begin XCConfigurationList section */
		48BA35C21EECDFC5001B4A7C /* Build configuration list for PBXProject "JobAssignment" */ = {
			isa = XCConfigurationList;
			buildConfigurations = (
				48BA35DF1EECDFC5001B4A7C /* Debug */,
				48BA35E01EECDFC5001B4A7C /* Release */,
			);
			defaultConfigurationIsVisible = 0;
			defaultConfigurationName = Release;
		};
		48BA35E11EECDFC5001B4A7C /* Build configuration list for PBXNativeTarget "JobAssignment" */ = {
			isa = XCConfigurationList;
			buildConfigurations = (
				48BA35E21EECDFC5001B4A7C /* Debug */,
				48BA35E31EECDFC5001B4A7C /* Release */,
			);
			defaultConfigurationIsVisible = 0;
		};
/* End XCConfigurationList section */

/* Begin XCVersionGroup section */
		48BA35D61EECDFC5001B4A7C /* JobAssignment.xcdatamodeld */ = {
			isa = XCVersionGroup;
			children = (
				48BA35D71EECDFC5001B4A7C /* JobAssignment.xcdatamodel */,
			);
			currentVersion = 48BA35D71EECDFC5001B4A7C /* JobAssignment.xcdatamodel */;
			path = JobAssignment.xcdatamodeld;
			sourceTree = "<group>";
			versionGroupType = wrapper.xcdatamodel;
		};
/* End XCVersionGroup section */
	};
	rootObject = 48BA35BF1EECDFC5001B4A7C /* Project object */;
}
